# This is a Gradle generated file for dependency locking.
# Manual edits can break the build and are not advised.
# This file is expected to be part of source control.
ca.weblite:java-objc-bridge:1.1=additionalRuntimeClasspath,clientLegacyClasspath,compileClasspath,dataLegacyClasspath,neoFormRuntimeDependenciesCompileClasspath,neoFormRuntimeDependenciesRuntimeClasspath,runtimeClasspath
com.electronwill.night-config:core:3.8.3=additionalRuntimeClasspath,clientLegacyClasspath,compileClasspath,dataLegacyClasspath,gameTestServerLegacyClasspath,neoFormRuntimeDependenciesCompileClasspath,neoFormRuntimeDependenciesRuntimeClasspath,runtimeClasspath,serverLegacyClasspath
com.electronwill.night-config:toml:3.8.3=additionalRuntimeClasspath,clientLegacyClasspath,compileClasspath,dataLegacyClasspath,gameTestServerLegacyClasspath,neoFormRuntimeDependenciesCompileClasspath,neoFormRuntimeDependenciesRuntimeClasspath,runtimeClasspath,serverLegacyClasspath
com.github.oshi:oshi-core:6.4.10=additionalRuntimeClasspath,clientLegacyClasspath,compileClasspath,dataLegacyClasspath,gameTestServerLegacyClasspath,neoFormRuntimeDependenciesCompileClasspath,neoFormRuntimeDependenciesRuntimeClasspath,runtimeClasspath,serverLegacyClasspath
com.google.code.findbugs:jsr305:3.0.2=additionalRuntimeClasspath,clientLegacyClasspath,compileClasspath,dataLegacyClasspath,gameTestServerLegacyClasspath,neoFormRuntimeDependenciesCompileClasspath,neoFormRuntimeDependenciesRuntimeClasspath,runtimeClasspath,serverLegacyClasspath
com.google.code.gson:gson:2.10.1=additionalRuntimeClasspath,clientLegacyClasspath,compileClasspath,dataLegacyClasspath,gameTestServerLegacyClasspath,neoFormRuntimeDependenciesCompileClasspath,neoFormRuntimeDependenciesRuntimeClasspath,neoFormRuntimeExternalTools,runtimeClasspath,serverLegacyClasspath
com.google.errorprone:error_prone_annotations:2.18.0=additionalRuntimeClasspath,clientLegacyClasspath,compileClasspath,dataLegacyClasspath,gameTestServerLegacyClasspath,neoFormRuntimeDependenciesCompileClasspath,neoFormRuntimeDependenciesRuntimeClasspath,runtimeClasspath,serverLegacyClasspath
com.google.guava:failureaccess:1.0.1=additionalRuntimeClasspath,clientLegacyClasspath,compileClasspath,dataLegacyClasspath,gameTestServerLegacyClasspath,neoFormRuntimeDependenciesCompileClasspath,neoFormRuntimeDependenciesRuntimeClasspath,runtimeClasspath,serverLegacyClasspath
com.google.guava:guava:32.1.2-jre=additionalRuntimeClasspath,clientLegacyClasspath,compileClasspath,dataLegacyClasspath,gameTestServerLegacyClasspath,neoFormRuntimeDependenciesCompileClasspath,neoFormRuntimeDependenciesRuntimeClasspath,runtimeClasspath,serverLegacyClasspath
com.google.guava:listenablefuture:9999.0-empty-to-avoid-conflict-with-guava=additionalRuntimeClasspath,clientLegacyClasspath,compileClasspath,dataLegacyClasspath,gameTestServerLegacyClasspath,neoFormRuntimeDependenciesCompileClasspath,neoFormRuntimeDependenciesRuntimeClasspath,runtimeClasspath,serverLegacyClasspath
com.google.j2objc:j2objc-annotations:2.8=additionalRuntimeClasspath,clientLegacyClasspath,compileClasspath,dataLegacyClasspath,gameTestServerLegacyClasspath,neoFormRuntimeDependenciesCompileClasspath,neoFormRuntimeDependenciesRuntimeClasspath,runtimeClasspath,serverLegacyClasspath
com.ibm.icu:icu4j:73.2=additionalRuntimeClasspath,clientLegacyClasspath,compileClasspath,dataLegacyClasspath,neoFormRuntimeDependenciesCompileClasspath,neoFormRuntimeDependenciesRuntimeClasspath,runtimeClasspath
com.machinezoo.noexception:noexception:1.7.1=additionalRuntimeClasspath,clientLegacyClasspath,compileClasspath,dataLegacyClasspath,gameTestServerLegacyClasspath,neoFormRuntimeDependenciesCompileClasspath,neoFormRuntimeDependenciesRuntimeClasspath,runtimeClasspath,serverLegacyClasspath
com.mojang:authlib:6.0.54=additionalRuntimeClasspath,clientLegacyClasspath,compileClasspath,dataLegacyClasspath,gameTestServerLegacyClasspath,neoFormRuntimeDependenciesCompileClasspath,neoFormRuntimeDependenciesRuntimeClasspath,runtimeClasspath,serverLegacyClasspath
com.mojang:blocklist:1.0.10=additionalRuntimeClasspath,clientLegacyClasspath,compileClasspath,dataLegacyClasspath,neoFormRuntimeDependenciesCompileClasspath,neoFormRuntimeDependenciesRuntimeClasspath,runtimeClasspath
com.mojang:brigadier:1.3.10=additionalRuntimeClasspath,clientLegacyClasspath,compileClasspath,dataLegacyClasspath,gameTestServerLegacyClasspath,neoFormRuntimeDependenciesCompileClasspath,neoFormRuntimeDependenciesRuntimeClasspath,runtimeClasspath,serverLegacyClasspath
com.mojang:datafixerupper:8.0.16=additionalRuntimeClasspath,clientLegacyClasspath,compileClasspath,dataLegacyClasspath,gameTestServerLegacyClasspath,neoFormRuntimeDependenciesCompileClasspath,neoFormRuntimeDependenciesRuntimeClasspath,runtimeClasspath,serverLegacyClasspath
com.mojang:logging:1.2.7=additionalRuntimeClasspath,clientLegacyClasspath,compileClasspath,dataLegacyClasspath,gameTestServerLegacyClasspath,neoFormRuntimeDependenciesCompileClasspath,neoFormRuntimeDependenciesRuntimeClasspath,runtimeClasspath,serverLegacyClasspath
com.mojang:patchy:2.2.10=additionalRuntimeClasspath,clientLegacyClasspath,compileClasspath,dataLegacyClasspath,neoFormRuntimeDependenciesCompileClasspath,neoFormRuntimeDependenciesRuntimeClasspath,runtimeClasspath
com.mojang:text2speech:1.17.9=additionalRuntimeClasspath,clientLegacyClasspath,compileClasspath,dataLegacyClasspath,neoFormRuntimeDependenciesCompileClasspath,neoFormRuntimeDependenciesRuntimeClasspath,runtimeClasspath
com.nothome:javaxdelta:2.0.1=neoFormRuntimeExternalTools
commons-codec:commons-codec:1.16.0=additionalRuntimeClasspath,clientLegacyClasspath,compileClasspath,dataLegacyClasspath,neoFormRuntimeDependenciesCompileClasspath,neoFormRuntimeDependenciesRuntimeClasspath,runtimeClasspath
commons-io:commons-io:2.15.1=additionalRuntimeClasspath,clientLegacyClasspath,compileClasspath,dataLegacyClasspath,gameTestServerLegacyClasspath,neoFormRuntimeDependenciesCompileClasspath,neoFormRuntimeDependenciesRuntimeClasspath,runtimeClasspath,serverLegacyClasspath
commons-logging:commons-logging:1.2=additionalRuntimeClasspath,clientLegacyClasspath,compileClasspath,dataLegacyClasspath,neoFormRuntimeDependenciesCompileClasspath,neoFormRuntimeDependenciesRuntimeClasspath,runtimeClasspath
cpw.mods:bootstraplauncher:2.0.2=additionalRuntimeClasspath,clientLegacyClasspath,clientModulesOnly,compileClasspath,dataLegacyClasspath,dataModulesOnly,gameTestServerLegacyClasspath,gameTestServerModulesOnly,neoFormRuntimeDependenciesCompileClasspath,neoFormRuntimeDependenciesRuntimeClasspath,runtimeClasspath,serverLegacyClasspath,serverModulesOnly
cpw.mods:modlauncher:11.0.5=additionalRuntimeClasspath,clientLegacyClasspath,compileClasspath,dataLegacyClasspath,gameTestServerLegacyClasspath,neoFormRuntimeDependenciesCompileClasspath,neoFormRuntimeDependenciesRuntimeClasspath,runtimeClasspath,serverLegacyClasspath
cpw.mods:securejarhandler:3.0.8=additionalRuntimeClasspath,clientLegacyClasspath,clientModulesOnly,compileClasspath,dataLegacyClasspath,dataModulesOnly,gameTestServerLegacyClasspath,gameTestServerModulesOnly,neoFormRuntimeDependenciesCompileClasspath,neoFormRuntimeDependenciesRuntimeClasspath,runtimeClasspath,serverLegacyClasspath,serverModulesOnly
de.siegmar:fastcsv:2.0.0=neoFormRuntimeExternalTools
dev.architectury:architectury-neoforge:13.0.8=compileClasspath
dev.ftb.mods:ftb-library-neoforge:2101.1.30=compileClasspath
dev.ftb.mods:ftb-teams-neoforge:2101.1.11=compileClasspath
dev.kosmx.player-anim:player-animation-lib-forge:2.0.4+1.21.1=localRuntime,runtimeClasspath
io.codechicken:DiffPatch:2.0.0.36=neoFormRuntimeExternalTools
io.github.llamalad7:mixinextras-neoforge:0.5.3=compileClasspath,neoFormRuntimeDependenciesCompileClasspath
io.netty:netty-buffer:4.1.97.Final=additionalRuntimeClasspath,clientLegacyClasspath,compileClasspath,dataLegacyClasspath,gameTestServerLegacyClasspath,neoFormRuntimeDependenciesCompileClasspath,neoFormRuntimeDependenciesRuntimeClasspath,runtimeClasspath,serverLegacyClasspath
io.netty:netty-codec:4.1.97.Final=additionalRuntimeClasspath,clientLegacyClasspath,compileClasspath,dataLegacyClasspath,gameTestServerLegacyClasspath,neoFormRuntimeDependenciesCompileClasspath,neoFormRuntimeDependenciesRuntimeClasspath,runtimeClasspath,serverLegacyClasspath
io.netty:netty-common:4.1.97.Final=additionalRuntimeClasspath,clientLegacyClasspath,compileClasspath,dataLegacyClasspath,gameTestServerLegacyClasspath,neoFormRuntimeDependenciesCompileClasspath,neoFormRuntimeDependenciesRuntimeClasspath,runtimeClasspath,serverLegacyClasspath
io.netty:netty-handler:4.1.97.Final=additionalRuntimeClasspath,clientLegacyClasspath,compileClasspath,dataLegacyClasspath,gameTestServerLegacyClasspath,neoFormRuntimeDependenciesCompileClasspath,neoFormRuntimeDependenciesRuntimeClasspath,runtimeClasspath,serverLegacyClasspath
io.netty:netty-resolver:4.1.97.Final=additionalRuntimeClasspath,clientLegacyClasspath,compileClasspath,dataLegacyClasspath,gameTestServerLegacyClasspath,neoFormRuntimeDependenciesCompileClasspath,neoFormRuntimeDependenciesRuntimeClasspath,runtimeClasspath,serverLegacyClasspath
io.netty:netty-transport-classes-epoll:4.1.97.Final=additionalRuntimeClasspath,clientLegacyClasspath,compileClasspath,dataLegacyClasspath,gameTestServerLegacyClasspath,neoFormRuntimeDependenciesCompileClasspath,neoFormRuntimeDependenciesRuntimeClasspath,runtimeClasspath,serverLegacyClasspath
io.netty:netty-transport-native-epoll:4.1.97.Final=gameTestServerLegacyClasspath,serverLegacyClasspath
io.netty:netty-transport-native-unix-common:4.1.97.Final=additionalRuntimeClasspath,clientLegacyClasspath,compileClasspath,dataLegacyClasspath,gameTestServerLegacyClasspath,neoFormRuntimeDependenciesCompileClasspath,neoFormRuntimeDependenciesRuntimeClasspath,runtimeClasspath,serverLegacyClasspath
io.netty:netty-transport:4.1.97.Final=additionalRuntimeClasspath,clientLegacyClasspath,compileClasspath,dataLegacyClasspath,gameTestServerLegacyClasspath,neoFormRuntimeDependenciesCompileClasspath,neoFormRuntimeDependenciesRuntimeClasspath,runtimeClasspath,serverLegacyClasspath
io.redspace:irons_lib:1.21.1-2.1.0=localRuntime,runtimeClasspath
io.redspace:irons_spellbooks:1.21.1-3.16.3=compileClasspath,localRuntime,runtimeClasspath
it.unimi.dsi:fastutil:8.3.1=neoFormRuntimeExternalTools
it.unimi.dsi:fastutil:8.5.12=additionalRuntimeClasspath,clientLegacyClasspath,compileClasspath,dataLegacyClasspath,gameTestServerLegacyClasspath,neoFormRuntimeDependenciesCompileClasspath,neoFormRuntimeDependenciesRuntimeClasspath,runtimeClasspath,serverLegacyClasspath
net.covers1624:Quack:0.4.10.101=neoFormRuntimeExternalTools
net.fabricmc:sponge-mixin:0.15.2+mixin.0.8.7=additionalRuntimeClasspath,clientLegacyClasspath,compileClasspath,dataLegacyClasspath,gameTestServerLegacyClasspath,neoFormRuntimeDependenciesCompileClasspath,neoFormRuntimeDependenciesRuntimeClasspath,runtimeClasspath,serverLegacyClasspath
net.java.dev.jna:jna-platform:5.14.0=additionalRuntimeClasspath,clientLegacyClasspath,compileClasspath,dataLegacyClasspath,gameTestServerLegacyClasspath,neoFormRuntimeDependenciesCompileClasspath,neoFormRuntimeDependenciesRuntimeClasspath,runtimeClasspath,serverLegacyClasspath
net.java.dev.jna:jna:5.14.0=additionalRuntimeClasspath,clientLegacyClasspath,compileClasspath,dataLegacyClasspath,gameTestServerLegacyClasspath,neoFormRuntimeDependenciesCompileClasspath,neoFormRuntimeDependenciesRuntimeClasspath,runtimeClasspath,serverLegacyClasspath
net.jodah:typetools:0.6.3=additionalRuntimeClasspath,clientLegacyClasspath,compileClasspath,dataLegacyClasspath,gameTestServerLegacyClasspath,neoFormRuntimeDependenciesCompileClasspath,neoFormRuntimeDependenciesRuntimeClasspath,runtimeClasspath,serverLegacyClasspath
net.minecraftforge:mergetool:1.1.7=neoFormRuntimeExternalTools
net.minecraftforge:srgutils:0.4.15=additionalRuntimeClasspath,clientLegacyClasspath,dataLegacyClasspath,gameTestServerLegacyClasspath,neoFormRuntimeDependenciesRuntimeClasspath,neoFormRuntimeExternalTools,runtimeClasspath,serverLegacyClasspath
net.minecrell:terminalconsoleappender:1.3.0=additionalRuntimeClasspath,clientLegacyClasspath,compileClasspath,dataLegacyClasspath,gameTestServerLegacyClasspath,neoFormRuntimeDependenciesCompileClasspath,neoFormRuntimeDependenciesRuntimeClasspath,runtimeClasspath,serverLegacyClasspath
net.neoforged.accesstransformers:at-modlauncher:10.0.1=additionalRuntimeClasspath,clientLegacyClasspath,dataLegacyClasspath,gameTestServerLegacyClasspath,neoFormRuntimeDependenciesRuntimeClasspath,runtimeClasspath,serverLegacyClasspath
net.neoforged.accesstransformers:at-parser:13.0.1=neoFormRuntimeExternalTools
net.neoforged.fancymodloader:earlydisplay:4.0.44=additionalRuntimeClasspath,clientLegacyClasspath,compileClasspath,dataLegacyClasspath,gameTestServerLegacyClasspath,neoFormRuntimeDependenciesCompileClasspath,neoFormRuntimeDependenciesRuntimeClasspath,runtimeClasspath,serverLegacyClasspath
net.neoforged.fancymodloader:loader:4.0.44=additionalRuntimeClasspath,clientLegacyClasspath,compileClasspath,dataLegacyClasspath,gameTestServerLegacyClasspath,neoFormRuntimeDependenciesCompileClasspath,neoFormRuntimeDependenciesRuntimeClasspath,runtimeClasspath,serverLegacyClasspath
net.neoforged.installertools:binarypatcher:4.0.12=neoFormRuntimeExternalTools
net.neoforged.installertools:cli-utils:4.0.12=neoFormRuntimeExternalTools
net.neoforged.installertools:installertools:2.1.2=neoFormRuntimeDependenciesNeoForgeClasses
net.neoforged.installertools:installertools:4.0.12=neoFormRuntimeExternalTools
net.neoforged.javadoctor:gson-io:2.0.17=neoFormRuntimeExternalTools
net.neoforged.javadoctor:spec:2.0.17=neoFormRuntimeExternalTools
net.neoforged.jst:jst-cli-bundle:2.0.11=neoFormRuntimeExternalTools
net.neoforged:AutoRenamingTool:2.0.17=neoFormRuntimeExternalTools
net.neoforged:AutoRenamingTool:2.0.3=neoFormRuntimeDependenciesNeoForgeClasses
net.neoforged:DevLaunch:1.0.2=devLaunchConfig,runtimeClasspath
net.neoforged:JarJarFileSystems:0.4.1=additionalRuntimeClasspath,clientLegacyClasspath,clientModulesOnly,compileClasspath,dataLegacyClasspath,dataModulesOnly,gameTestServerLegacyClasspath,gameTestServerModulesOnly,neoFormRuntimeDependenciesCompileClasspath,neoFormRuntimeDependenciesRuntimeClasspath,runtimeClasspath,serverLegacyClasspath,serverModulesOnly
net.neoforged:JarJarMetadata:0.4.1=additionalRuntimeClasspath,clientLegacyClasspath,compileClasspath,dataLegacyClasspath,gameTestServerLegacyClasspath,neoFormRuntimeDependenciesCompileClasspath,neoFormRuntimeDependenciesRuntimeClasspath,runtimeClasspath,serverLegacyClasspath
net.neoforged:JarJarSelector:0.4.1=additionalRuntimeClasspath,clientLegacyClasspath,compileClasspath,dataLegacyClasspath,gameTestServerLegacyClasspath,neoFormRuntimeDependenciesCompileClasspath,neoFormRuntimeDependenciesRuntimeClasspath,runtimeClasspath,serverLegacyClasspath
net.neoforged:accesstransformers:10.0.1=additionalRuntimeClasspath,clientLegacyClasspath,compileClasspath,dataLegacyClasspath,gameTestServerLegacyClasspath,neoFormRuntimeDependenciesCompileClasspath,neoFormRuntimeDependenciesRuntimeClasspath,runtimeClasspath,serverLegacyClasspath
net.neoforged:accesstransformers:13.0.1=neoFormRuntimeExternalTools
net.neoforged:bus:8.0.5=additionalRuntimeClasspath,clientLegacyClasspath,compileClasspath,dataLegacyClasspath,gameTestServerLegacyClasspath,neoFormRuntimeDependenciesCompileClasspath,neoFormRuntimeDependenciesRuntimeClasspath,runtimeClasspath,serverLegacyClasspath
net.neoforged:coremods:7.0.3=additionalRuntimeClasspath,clientLegacyClasspath,compileClasspath,dataLegacyClasspath,gameTestServerLegacyClasspath,neoFormRuntimeDependenciesCompileClasspath,neoFormRuntimeDependenciesRuntimeClasspath,runtimeClasspath,serverLegacyClasspath
net.neoforged:mergetool:2.0.0=additionalRuntimeClasspath,clientLegacyClasspath,dataLegacyClasspath,gameTestServerLegacyClasspath,neoFormRuntimeDependenciesRuntimeClasspath,runtimeClasspath,serverLegacyClasspath
net.neoforged:mergetool:2.0.3=compileClasspath,neoFormRuntimeDependenciesCompileClasspath,neoFormRuntimeDependenciesNeoForgeClasses
net.neoforged:minecraft-dependencies:1.21.1=additionalRuntimeClasspath,clientLegacyClasspath,compileClasspath,dataLegacyClasspath,gameTestServerLegacyClasspath,neoFormRuntimeDependenciesCompileClasspath,neoFormRuntimeDependenciesRuntimeClasspath,runtimeClasspath,serverLegacyClasspath
net.neoforged:neoforge:21.1.251=additionalRuntimeClasspath,clientLegacyClasspath,clientModulesOnly,compileClasspath,dataLegacyClasspath,dataModulesOnly,gameTestServerLegacyClasspath,gameTestServerModulesOnly,neoForgeConfigOnly,neoFormRuntimeDependenciesCompileClasspath,neoFormRuntimeDependenciesNeoForgeClasses,neoFormRuntimeDependenciesNeoForgeSources,neoFormRuntimeDependenciesRuntimeClasspath,runtimeClasspath,serverLegacyClasspath,serverModulesOnly
net.neoforged:neoform-runtime:2.0.31=neoFormRuntimeExternalTools,neoFormRuntimeTool
net.neoforged:neoform:1.21.1-20240808.144430=additionalRuntimeClasspath,clientLegacyClasspath,compileClasspath,dataLegacyClasspath,gameTestServerLegacyClasspath,neoFormRuntimeDependenciesCompileClasspath,neoFormRuntimeDependenciesNeoForgeClasses,neoFormRuntimeDependenciesRuntimeClasspath,runtimeClasspath,serverLegacyClasspath
net.neoforged:srgutils:1.0.0=neoFormRuntimeExternalTools
net.sf.jopt-simple:jopt-simple:5.0.4=additionalRuntimeClasspath,clientLegacyClasspath,compileClasspath,dataLegacyClasspath,gameTestServerLegacyClasspath,neoFormRuntimeDependenciesCompileClasspath,neoFormRuntimeDependenciesRuntimeClasspath,runtimeClasspath,serverLegacyClasspath
net.sf.jopt-simple:jopt-simple:6.0-alpha-3=neoFormRuntimeExternalTools
org.antlr:antlr4-runtime:4.13.1=additionalRuntimeClasspath,clientLegacyClasspath,compileClasspath,dataLegacyClasspath,gameTestServerLegacyClasspath,neoFormRuntimeDependenciesCompileClasspath,neoFormRuntimeDependenciesRuntimeClasspath,runtimeClasspath,serverLegacyClasspath
org.apache.commons:commons-compress:1.18=neoFormRuntimeExternalTools
org.apache.commons:commons-compress:1.26.0=additionalRuntimeClasspath,clientLegacyClasspath,compileClasspath,dataLegacyClasspath,neoFormRuntimeDependenciesCompileClasspath,neoFormRuntimeDependenciesRuntimeClasspath,runtimeClasspath
org.apache.commons:commons-lang3:3.14.0=additionalRuntimeClasspath,clientLegacyClasspath,compileClasspath,dataLegacyClasspath,gameTestServerLegacyClasspath,neoFormRuntimeDependenciesCompileClasspath,neoFormRuntimeDependenciesRuntimeClasspath,runtimeClasspath,serverLegacyClasspath
org.apache.commons:commons-lang3:3.9=neoFormRuntimeExternalTools
org.apache.httpcomponents:httpclient:4.5.13=additionalRuntimeClasspath,clientLegacyClasspath,compileClasspath,dataLegacyClasspath,neoFormRuntimeDependenciesCompileClasspath,neoFormRuntimeDependenciesRuntimeClasspath,runtimeClasspath
org.apache.httpcomponents:httpcore:4.4.16=additionalRuntimeClasspath,clientLegacyClasspath,compileClasspath,dataLegacyClasspath,neoFormRuntimeDependenciesCompileClasspath,neoFormRuntimeDependenciesRuntimeClasspath,runtimeClasspath
org.apache.logging.log4j:log4j-api:2.22.1=additionalRuntimeClasspath,clientLegacyClasspath,compileClasspath,dataLegacyClasspath,gameTestServerLegacyClasspath,neoFormRuntimeDependenciesCompileClasspath,neoFormRuntimeDependenciesRuntimeClasspath,runtimeClasspath,serverLegacyClasspath
org.apache.logging.log4j:log4j-core:2.22.1=additionalRuntimeClasspath,clientLegacyClasspath,compileClasspath,dataLegacyClasspath,gameTestServerLegacyClasspath,neoFormRuntimeDependenciesCompileClasspath,neoFormRuntimeDependenciesRuntimeClasspath,runtimeClasspath,serverLegacyClasspath
org.apache.logging.log4j:log4j-slf4j2-impl:2.22.1=additionalRuntimeClasspath,clientLegacyClasspath,compileClasspath,dataLegacyClasspath,gameTestServerLegacyClasspath,neoFormRuntimeDependenciesCompileClasspath,neoFormRuntimeDependenciesRuntimeClasspath,runtimeClasspath,serverLegacyClasspath
org.apache.maven:maven-artifact:3.8.5=additionalRuntimeClasspath,clientLegacyClasspath,compileClasspath,dataLegacyClasspath,gameTestServerLegacyClasspath,neoFormRuntimeDependenciesCompileClasspath,neoFormRuntimeDependenciesRuntimeClasspath,runtimeClasspath,serverLegacyClasspath
org.checkerframework:checker-qual:3.33.0=additionalRuntimeClasspath,clientLegacyClasspath,compileClasspath,dataLegacyClasspath,gameTestServerLegacyClasspath,neoFormRuntimeDependenciesCompileClasspath,neoFormRuntimeDependenciesRuntimeClasspath,runtimeClasspath,serverLegacyClasspath
org.codehaus.plexus:plexus-utils:3.3.0=additionalRuntimeClasspath,clientLegacyClasspath,compileClasspath,dataLegacyClasspath,gameTestServerLegacyClasspath,neoFormRuntimeDependenciesCompileClasspath,neoFormRuntimeDependenciesRuntimeClasspath,runtimeClasspath,serverLegacyClasspath
org.jcraft:jorbis:0.0.17=additionalRuntimeClasspath,clientLegacyClasspath,compileClasspath,dataLegacyClasspath,neoFormRuntimeDependenciesCompileClasspath,neoFormRuntimeDependenciesRuntimeClasspath,runtimeClasspath
org.jetbrains:annotations:24.1.0=compileClasspath,neoFormRuntimeDependenciesCompileClasspath
org.jline:jline-reader:3.20.0=additionalRuntimeClasspath,clientLegacyClasspath,compileClasspath,dataLegacyClasspath,gameTestServerLegacyClasspath,neoFormRuntimeDependenciesCompileClasspath,neoFormRuntimeDependenciesRuntimeClasspath,runtimeClasspath,serverLegacyClasspath
org.jline:jline-terminal:3.20.0=additionalRuntimeClasspath,clientLegacyClasspath,compileClasspath,dataLegacyClasspath,gameTestServerLegacyClasspath,neoFormRuntimeDependenciesCompileClasspath,neoFormRuntimeDependenciesRuntimeClasspath,runtimeClasspath,serverLegacyClasspath
org.joml:joml:1.10.5=additionalRuntimeClasspath,clientLegacyClasspath,compileClasspath,dataLegacyClasspath,gameTestServerLegacyClasspath,neoFormRuntimeDependenciesCompileClasspath,neoFormRuntimeDependenciesRuntimeClasspath,runtimeClasspath,serverLegacyClasspath
org.lwjgl:lwjgl-freetype:3.3.3=additionalRuntimeClasspath,clientLegacyClasspath,compileClasspath,dataLegacyClasspath,neoFormRuntimeDependenciesCompileClasspath,neoFormRuntimeDependenciesRuntimeClasspath,runtimeClasspath
org.lwjgl:lwjgl-glfw:3.3.3=additionalRuntimeClasspath,clientLegacyClasspath,compileClasspath,dataLegacyClasspath,neoFormRuntimeDependenciesCompileClasspath,neoFormRuntimeDependenciesRuntimeClasspath,runtimeClasspath
org.lwjgl:lwjgl-jemalloc:3.3.3=additionalRuntimeClasspath,clientLegacyClasspath,compileClasspath,dataLegacyClasspath,neoFormRuntimeDependenciesCompileClasspath,neoFormRuntimeDependenciesRuntimeClasspath,runtimeClasspath
org.lwjgl:lwjgl-openal:3.3.3=additionalRuntimeClasspath,clientLegacyClasspath,compileClasspath,dataLegacyClasspath,neoFormRuntimeDependenciesCompileClasspath,neoFormRuntimeDependenciesRuntimeClasspath,runtimeClasspath
org.lwjgl:lwjgl-opengl:3.3.3=additionalRuntimeClasspath,clientLegacyClasspath,compileClasspath,dataLegacyClasspath,neoFormRuntimeDependenciesCompileClasspath,neoFormRuntimeDependenciesRuntimeClasspath,runtimeClasspath
org.lwjgl:lwjgl-stb:3.3.3=additionalRuntimeClasspath,clientLegacyClasspath,compileClasspath,dataLegacyClasspath,neoFormRuntimeDependenciesCompileClasspath,neoFormRuntimeDependenciesRuntimeClasspath,runtimeClasspath
org.lwjgl:lwjgl-tinyfd:3.3.3=additionalRuntimeClasspath,clientLegacyClasspath,compileClasspath,dataLegacyClasspath,neoFormRuntimeDependenciesCompileClasspath,neoFormRuntimeDependenciesRuntimeClasspath,runtimeClasspath
org.lwjgl:lwjgl:3.3.3=additionalRuntimeClasspath,clientLegacyClasspath,compileClasspath,dataLegacyClasspath,neoFormRuntimeDependenciesCompileClasspath,neoFormRuntimeDependenciesRuntimeClasspath,runtimeClasspath
org.lz4:lz4-java:1.8.0=additionalRuntimeClasspath,clientLegacyClasspath,compileClasspath,dataLegacyClasspath,gameTestServerLegacyClasspath,neoFormRuntimeDependenciesCompileClasspath,neoFormRuntimeDependenciesRuntimeClasspath,runtimeClasspath,serverLegacyClasspath
org.openjdk.nashorn:nashorn-core:15.4=additionalRuntimeClasspath,clientLegacyClasspath,compileClasspath,dataLegacyClasspath,gameTestServerLegacyClasspath,neoFormRuntimeDependenciesCompileClasspath,neoFormRuntimeDependenciesRuntimeClasspath,runtimeClasspath,serverLegacyClasspath
org.ow2.asm:asm-analysis:9.10.1=additionalRuntimeClasspath,clientLegacyClasspath,clientModulesOnly,compileClasspath,dataLegacyClasspath,dataModulesOnly,gameTestServerLegacyClasspath,gameTestServerModulesOnly,neoFormRuntimeDependenciesCompileClasspath,neoFormRuntimeDependenciesRuntimeClasspath,runtimeClasspath,serverLegacyClasspath,serverModulesOnly
org.ow2.asm:asm-analysis:9.5=neoFormRuntimeExternalTools
org.ow2.asm:asm-commons:9.10.1=additionalRuntimeClasspath,clientLegacyClasspath,clientModulesOnly,compileClasspath,dataLegacyClasspath,dataModulesOnly,gameTestServerLegacyClasspath,gameTestServerModulesOnly,neoFormRuntimeDependenciesCompileClasspath,neoFormRuntimeDependenciesRuntimeClasspath,runtimeClasspath,serverLegacyClasspath,serverModulesOnly
org.ow2.asm:asm-commons:9.9.1=neoFormRuntimeExternalTools
org.ow2.asm:asm-tree:9.10.1=additionalRuntimeClasspath,clientLegacyClasspath,clientModulesOnly,compileClasspath,dataLegacyClasspath,dataModulesOnly,gameTestServerLegacyClasspath,gameTestServerModulesOnly,neoFormRuntimeDependenciesCompileClasspath,neoFormRuntimeDependenciesRuntimeClasspath,runtimeClasspath,serverLegacyClasspath,serverModulesOnly
org.ow2.asm:asm-tree:9.9.1=neoFormRuntimeExternalTools
org.ow2.asm:asm-util:9.10.1=additionalRuntimeClasspath,clientLegacyClasspath,clientModulesOnly,compileClasspath,dataLegacyClasspath,dataModulesOnly,gameTestServerLegacyClasspath,gameTestServerModulesOnly,neoFormRuntimeDependenciesCompileClasspath,neoFormRuntimeDependenciesRuntimeClasspath,runtimeClasspath,serverLegacyClasspath,serverModulesOnly
org.ow2.asm:asm-util:9.5=neoFormRuntimeExternalTools
org.ow2.asm:asm:9.10.1=additionalRuntimeClasspath,clientLegacyClasspath,clientModulesOnly,compileClasspath,dataLegacyClasspath,dataModulesOnly,gameTestServerLegacyClasspath,gameTestServerModulesOnly,neoFormRuntimeDependenciesCompileClasspath,neoFormRuntimeDependenciesRuntimeClasspath,runtimeClasspath,serverLegacyClasspath,serverModulesOnly
org.ow2.asm:asm:9.9.1=neoFormRuntimeExternalTools
org.parchmentmc.data:parchment-1.21.1:2024.11.17=parchmentData
org.slf4j:slf4j-api:2.0.9=additionalRuntimeClasspath,clientLegacyClasspath,compileClasspath,dataLegacyClasspath,gameTestServerLegacyClasspath,neoFormRuntimeDependenciesCompileClasspath,neoFormRuntimeDependenciesRuntimeClasspath,runtimeClasspath,serverLegacyClasspath
org.tukaani:xz:1.10=neoFormRuntimeExternalTools
org.vineflower:vineflower:1.10.1=neoFormRuntimeDependenciesNeoForgeClasses
software.bernie.geckolib:geckolib-neoforge-1.21.1:4.9.3=compileClasspath,runtimeClasspath,testCompileClasspath,testRuntimeClasspath
top.theillusivec4.curios:curios-neoforge:9.5.1+1.21.1=compileClasspath,localRuntime,runtimeClasspath
trove:trove:1.0.2=neoFormRuntimeExternalTools
empty=accessTransformers,annotationProcessor,interfaceInjectionData,jarJar,testAnnotationProcessor,testJarJar
